
Microsoft Visual Studio Solution File, Format Version 12.00
# Visual Studio 15
VisualStudioVersion = 15.0.28218.60
MinimumVisualStudioVersion = 10.0.40219.1
Project("{FAE04EC0-301F-11D3-BF4B-00C04F79EFBC}") = "QanAProject", "QanAProject\QanAProject.csproj", "{D0530D72-70D2-445C-B630-FD6851831816}"
EndProject
Global
	GlobalSection(SolutionConfigurationPlatforms) = preSolution
		Debug|Any CPU = Debug|Any CPU
		Release|Any CPU = Release|Any CPU
	EndGlobalSection
	GlobalSection(ProjectConfigurationPlatforms) = postSolution
		{D0530D72-70D2-445C-B630-FD6851831816}.Debug|Any CPU.ActiveCfg = Debug|Any CPU
		{D0530D72-70D2-445C-B630-FD6851831816}.Debug|Any CPU.Build.0 = Debug|Any CPU
		{D0530D72-70D2-445C-B630-FD6851831816}.Release|Any CPU.ActiveCfg = Release|Any CPU
		{D0530D72-70D2-445C-B630-FD6851831816}.Release|Any CPU.Build.0 = Release|Any CPU
	EndGlobalSection
	GlobalSection(SolutionProperties) = preSolution
		HideSolutionNode = FALSE
	EndGlobalSection
	GlobalSection(ExtensibilityGlobals) = postSolution
		SolutionGuid = {34ACB588-61C2-47D2-B398-274C63EC6297}
	EndGlobalSection
EndGlobal
